
Microsoft Visual Studio Solution File, Format Version 12.00
# Visual Studio Version 17
VisualStudioVersion = 17.6.33815.320
MinimumVisualStudioVersion = 10.0.40219.1
Project("{FAE04EC0-301F-11D3-BF4B-00C04F79EFBC}") = "ConsumerAPI", "ConsumerAPI.csproj", "{734810B2-EE3D-49B6-BF29-64F290D6A5B1}"
EndProject
Global
	GlobalSection(SolutionConfigurationPlatforms) = preSolution
		Debug|Any CPU = Debug|Any CPU
		Release|Any CPU = Release|Any CPU
	EndGlobalSection
	GlobalSection(ProjectConfigurationPlatforms) = postSolution
		{734810B2-EE3D-49B6-BF29-64F290D6A5B1}.Debug|Any CPU.ActiveCfg = Debug|Any CPU
		{734810B2-EE3D-49B6-BF29-64F290D6A5B1}.Debug|Any CPU.Build.0 = Debug|Any CPU
		{734810B2-EE3D-49B6-BF29-64F290D6A5B1}.Release|Any CPU.ActiveCfg = Release|Any CPU
		{734810B2-EE3D-49B6-BF29-64F290D6A5B1}.Release|Any CPU.Build.0 = Release|Any CPU
	EndGlobalSection
	GlobalSection(SolutionProperties) = preSolution
		HideSolutionNode = FALSE
	EndGlobalSection
	GlobalSection(ExtensibilityGlobals) = postSolution
		SolutionGuid = {8010EF41-36AD-4AB2-9434-C2E71DCE1713}
	EndGlobalSection
EndGlobal
